
Microsoft Visual Studio Solution File, Format Version 12.00
# Visual Studio 15
VisualStudioVersion = 15.0.27130.0
MinimumVisualStudioVersion = 10.0.40219.1
Project("{FAE04EC0-301F-11D3-BF4B-00C04F79EFBC}") = "WebSite", "WebSite\WebSite.csproj", "{163C85C2-2010-458F-8BE2-E3848DFA6128}"
EndProject
Project("{FAE04EC0-301F-11D3-BF4B-00C04F79EFBC}") = "WebSiteModel", "WebSiteModel\WebSiteModel.csproj", "{2BFFD8FB-01CE-4077-A939-B7AB6698D61F}"
EndProject
Project("{FAE04EC0-301F-11D3-BF4B-00C04F79EFBC}") = "WebSiteModel.Test", "WebSiteModel.Test\WebSiteModel.Test.csproj", "{0619C2C6-628E-4D34-AD36-C593C18578F6}"
EndProject
Global
	GlobalSection(SolutionConfigurationPlatforms) = preSolution
		Debug|Any CPU = Debug|Any CPU
		Release|Any CPU = Release|Any CPU
	EndGlobalSection
	GlobalSection(ProjectConfigurationPlatforms) = postSolution
		{163C85C2-2010-458F-8BE2-E3848DFA6128}.Debug|Any CPU.ActiveCfg = Debug|Any CPU
		{163C85C2-2010-458F-8BE2-E3848DFA6128}.Debug|Any CPU.Build.0 = Debug|Any CPU
		{163C85C2-2010-458F-8BE2-E3848DFA6128}.Release|Any CPU.ActiveCfg = Release|Any CPU
		{163C85C2-2010-458F-8BE2-E3848DFA6128}.Release|Any CPU.Build.0 = Release|Any CPU
		{2BFFD8FB-01CE-4077-A939-B7AB6698D61F}.Debug|Any CPU.ActiveCfg = Debug|Any CPU
		{2BFFD8FB-01CE-4077-A939-B7AB6698D61F}.Debug|Any CPU.Build.0 = Debug|Any CPU
		{2BFFD8FB-01CE-4077-A939-B7AB6698D61F}.Release|Any CPU.ActiveCfg = Release|Any CPU
		{2BFFD8FB-01CE-4077-A939-B7AB6698D61F}.Release|Any CPU.Build.0 = Release|Any CPU
		{0619C2C6-628E-4D34-AD36-C593C18578F6}.Debug|Any CPU.ActiveCfg = Debug|Any CPU
		{0619C2C6-628E-4D34-AD36-C593C18578F6}.Debug|Any CPU.Build.0 = Debug|Any CPU
		{0619C2C6-628E-4D34-AD36-C593C18578F6}.Release|Any CPU.ActiveCfg = Release|Any CPU
		{0619C2C6-628E-4D34-AD36-C593C18578F6}.Release|Any CPU.Build.0 = Release|Any CPU
	EndGlobalSection
	GlobalSection(SolutionProperties) = preSolution
		HideSolutionNode = FALSE
	EndGlobalSection
	GlobalSection(ExtensibilityGlobals) = postSolution
		SolutionGuid = {22303752-924E-4329-AE2A-EB8E213823B5}
	EndGlobalSection
EndGlobal
